
Microsoft Visual Studio Solution File, Format Version 12.00
# Visual Studio Version 17
VisualStudioVersion = 17.6.33829.357
MinimumVisualStudioVersion = 10.0.40219.1
Project("{FAE04EC0-301F-11D3-BF4B-00C04F79EFBC}") = "Variables3", "Variables3\Variables3.csproj", "{A64426DD-5172-4E16-9914-764F5A581D7C}"
EndProject
Global
	GlobalSection(SolutionConfigurationPlatforms) = preSolution
		Debug|Any CPU = Debug|Any CPU
		Release|Any CPU = Release|Any CPU
	EndGlobalSection
	GlobalSection(ProjectConfigurationPlatforms) = postSolution
		{A64426DD-5172-4E16-9914-764F5A581D7C}.Debug|Any CPU.ActiveCfg = Debug|Any CPU
		{A64426DD-5172-4E16-9914-764F5A581D7C}.Debug|Any CPU.Build.0 = Debug|Any CPU
		{A64426DD-5172-4E16-9914-764F5A581D7C}.Release|Any CPU.ActiveCfg = Release|Any CPU
		{A64426DD-5172-4E16-9914-764F5A581D7C}.Release|Any CPU.Build.0 = Release|Any CPU
	EndGlobalSection
	GlobalSection(SolutionProperties) = preSolution
		HideSolutionNode = FALSE
	EndGlobalSection
	GlobalSection(ExtensibilityGlobals) = postSolution
		SolutionGuid = {884C5D8A-F472-470F-9932-BB68AB007C48}
	EndGlobalSection
EndGlobal
